<?xml version="1.0" encoding="utf-8"?>
<Project ToolsVersion="4.0" xmlns="http://schemas.microsoft.com/developer/msbuild/2003">
  <ItemGroup>
    <Filter Include="Source Files">
      <UniqueIdentifier>{4FC737F1-C7A5-4376-A066-2A32D752A2FF}</UniqueIdentifier>
      <Extensions>cpp;c;cc;cxx;def;odl;idl;hpj;bat;asm;asmx</Extensions>
    </Filter>
    <Filter Include="Header Files">
      <UniqueIdentifier>{93995380-89BD-4b04-88EB-625FBE52EBFB}</UniqueIdentifier>
      <Extensions>h;hpp;hxx;hm;inl;inc;xsd</Extensions>
    </Filter>
    <Filter Include="Resource Files">
      <UniqueIdentifier>{67DA6AB6-F800-4c08-8B7A-83BB121AAD01}</UniqueIdentifier>
      <Extensions>rc;ico;cur;bmp;dlg;rc2;rct;bin;rgs;gif;jpg;jpeg;jpe;resx;tiff;tif;png;wav;mfcribbon-ms</Extensions>
    </Filter>
  </ItemGroup>
  <ItemGroup>
    <None Include="ReadMe.txt" />
    <None Include="res\eLTE_PlayerDemo.rc2">
      <Filter>Resource Files</Filter>
    </None>
    <None Include="res\eLTE_PlayerDemo.ico">
      <Filter>Resource Files</Filter>
    </None>
    <None Include="res\camera_offline.bmp">
      <Filter>Resource Files</Filter>
    </None>
    <None Include="res\camera_online.bmp">
      <Filter>Resource Files</Filter>
    </None>
    <None Include="res\dispatcher_offline.bmp">
      <Filter>Resource Files</Filter>
    </None>
    <None Include="res\dispatcher_online.bmp">
      <Filter>Resource Files</Filter>
    </None>
    <None Include="res\gwuser_offline.bmp">
      <Filter>Resource Files</Filter>
    </None>
    <None Include="res\gwuser_online.bmp">
      <Filter>Resource Files</Filter>
    </None>
    <None Include="res\pttuser_offline.bmp">
      <Filter>Resource Files</Filter>
    </None>
    <None Include="res\pttuser_online.bmp">
      <Filter>Resource Files</Filter>
    </None>
    <None Include="ClassDiagram1.cd" />
  </ItemGroup>
  <ItemGroup>
    <ClInclude Include="eLTE_PlayerDemo.h">
      <Filter>Header Files</Filter>
    </ClInclude>
    <ClInclude Include="eLTE_PlayerDemoDlg.h">
      <Filter>Header Files</Filter>
    </ClInclude>
    <ClInclude Include="stdafx.h">
      <Filter>Header Files</Filter>
    </ClInclude>
    <ClInclude Include="targetver.h">
      <Filter>Header Files</Filter>
    </ClInclude>
    <ClInclude Include="Resource.h">
      <Filter>Header Files</Filter>
    </ClInclude>
    <ClInclude Include="elte_playerctrl1.h">
      <Filter>Header Files</Filter>
    </ClInclude>
    <ClInclude Include="Xml.h">
      <Filter>Header Files</Filter>
    </ClInclude>
    <ClInclude Include="DConsoleDlg.h">
      <Filter>Header Files</Filter>
    </ClInclude>
    <ClInclude Include="VideoParamDlg.h">
      <Filter>Header Files</Filter>
    </ClInclude>
    <ClInclude Include="DataType.h">
      <Filter>Header Files</Filter>
    </ClInclude>
    <ClInclude Include="InfoDlg.h">
      <Filter>Header Files</Filter>
    </ClInclude>
    <ClInclude Include="RECFileDlg.h">
      <Filter>Header Files</Filter>
    </ClInclude>
    <ClInclude Include="DGNAParam.h">
      <Filter>Header Files</Filter>
    </ClInclude>
    <ClInclude Include="CallDlg.h">
      <Filter>Header Files</Filter>
    </ClInclude>
    <ClInclude Include="SDSMessage.h">
      <Filter>Header Files</Filter>
    </ClInclude>
    <ClInclude Include="DispatchParamDlg.h">
      <Filter>Header Files</Filter>
    </ClInclude>
    <ClInclude Include="UnDispatchParamDlg.h">
      <Filter>Header Files</Filter>
    </ClInclude>
    <ClInclude Include="VideoCommingDlg.h">
      <Filter>Header Files</Filter>
    </ClInclude>
    <ClInclude Include="VideoDlg.h">
      <Filter>Header Files</Filter>
    </ClInclude>
    <ClInclude Include="VWall.h">
      <Filter>Header Files</Filter>
    </ClInclude>
    <ClInclude Include="P2PTransferDlg.h">
      <Filter>Header Files</Filter>
    </ClInclude>
    <ClInclude Include="CreatePatchGroupDlg.h">
      <Filter>Header Files</Filter>
    </ClInclude>
    <ClInclude Include="PTZCtrlDlg.h">
      <Filter>Header Files</Filter>
    </ClInclude>
    <ClInclude Include="SetGisCfgDlg.h">
      <Filter>Header Files</Filter>
    </ClInclude>
    <ClInclude Include="TempUserJoinGrpCall.h">
      <Filter>Header Files</Filter>
    </ClInclude>
    <ClInclude Include="ModifyDGNADlg.h">
      <Filter>Header Files</Filter>
    </ClInclude>
  </ItemGroup>
  <ItemGroup>
    <ClCompile Include="eLTE_PlayerDemo.cpp">
      <Filter>Source Files</Filter>
    </ClCompile>
    <ClCompile Include="eLTE_PlayerDemoDlg.cpp">
      <Filter>Source Files</Filter>
    </ClCompile>
    <ClCompile Include="stdafx.cpp">
      <Filter>Source Files</Filter>
    </ClCompile>
    <ClCompile Include="elte_playerctrl1.cpp">
      <Filter>Source Files</Filter>
    </ClCompile>
    <ClCompile Include="Xml.cpp">
      <Filter>Source Files</Filter>
    </ClCompile>
    <ClCompile Include="DConsoleDlg.cpp">
      <Filter>Source Files</Filter>
    </ClCompile>
    <ClCompile Include="VideoParamDlg.cpp">
      <Filter>Source Files</Filter>
    </ClCompile>
    <ClCompile Include="InfoDlg.cpp">
      <Filter>Source Files</Filter>
    </ClCompile>
    <ClCompile Include="RECFileDlg.cpp">
      <Filter>Source Files</Filter>
    </ClCompile>
    <ClCompile Include="DGNAParam.cpp">
      <Filter>Source Files</Filter>
    </ClCompile>
    <ClCompile Include="CallDlg.cpp">
      <Filter>Source Files</Filter>
    </ClCompile>
    <ClCompile Include="SDSMessage.cpp">
      <Filter>Source Files</Filter>
    </ClCompile>
    <ClCompile Include="DispatchParamDlg.cpp">
      <Filter>Source Files</Filter>
    </ClCompile>
    <ClCompile Include="UnDispatchParamDlg.cpp">
      <Filter>Source Files</Filter>
    </ClCompile>
    <ClCompile Include="VideoDlg.cpp">
      <Filter>Source Files</Filter>
    </ClCompile>
    <ClCompile Include="VWall.cpp">
      <Filter>Source Files</Filter>
    </ClCompile>
    <ClCompile Include="P2PTransferDlg.cpp">
      <Filter>Source Files</Filter>
    </ClCompile>
    <ClCompile Include="CreatePatchGroupDlg.cpp">
      <Filter>Source Files</Filter>
    </ClCompile>
    <ClCompile Include="PTZCtrlDlg.cpp">
      <Filter>Source Files</Filter>
    </ClCompile>
    <ClCompile Include="SetGisCfgDlg.cpp">
      <Filter>Source Files</Filter>
    </ClCompile>
    <ClCompile Include="TempUserJoinGrpCall.cpp">
      <Filter>Source Files</Filter>
    </ClCompile>
    <ClCompile Include="ModifyDGNADlg.cpp">
      <Filter>Source Files</Filter>
    </ClCompile>
  </ItemGroup>
  <ItemGroup>
    <ResourceCompile Include="eLTE_PlayerDemo.rc">
      <Filter>Resource Files</Filter>
    </ResourceCompile>
  </ItemGroup>
</Project>